
Microsoft Visual Studio Solution File, Format Version 12.00
# Visual Studio Version 17
VisualStudioVersion = 17.5.33516.290
MinimumVisualStudioVersion = 10.0.40219.1
Project("{FAE04EC0-301F-11D3-BF4B-00C04F79EFBC}") = "Interfaces", "Interfaces.csproj", "{A030E782-DD61-45EE-A21E-60895311B13D}"
EndProject
Project("{FAE04EC0-301F-11D3-BF4B-00C04F79EFBC}") = "Negocio", "..\Negocio\Negocio.csproj", "{B09B18B4-388F-4D16-9E25-65B89CA4A869}"
EndProject
Project("{FAE04EC0-301F-11D3-BF4B-00C04F79EFBC}") = "Datos", "..\Datos\Datos.csproj", "{A47064F3-EA72-4DEC-A8FF-4E3ABABA4AFC}"
EndProject
Project("{54435603-DBB4-11D2-8724-00A0C9A8B90C}") = "Instalador", "..\Instalador\Instalador.vdproj", "{30330B72-EE53-439E-92EC-AA95E9BF7483}"
EndProject
Global
	GlobalSection(SolutionConfigurationPlatforms) = preSolution
		Debug|Any CPU = Debug|Any CPU
		Release|Any CPU = Release|Any CPU
	EndGlobalSection
	GlobalSection(ProjectConfigurationPlatforms) = postSolution
		{A030E782-DD61-45EE-A21E-60895311B13D}.Debug|Any CPU.ActiveCfg = Debug|Any CPU
		{A030E782-DD61-45EE-A21E-60895311B13D}.Debug|Any CPU.Build.0 = Debug|Any CPU
		{A030E782-DD61-45EE-A21E-60895311B13D}.Release|Any CPU.ActiveCfg = Release|Any CPU
		{A030E782-DD61-45EE-A21E-60895311B13D}.Release|Any CPU.Build.0 = Release|Any CPU
		{B09B18B4-388F-4D16-9E25-65B89CA4A869}.Debug|Any CPU.ActiveCfg = Debug|Any CPU
		{B09B18B4-388F-4D16-9E25-65B89CA4A869}.Debug|Any CPU.Build.0 = Debug|Any CPU
		{B09B18B4-388F-4D16-9E25-65B89CA4A869}.Release|Any CPU.ActiveCfg = Release|Any CPU
		{B09B18B4-388F-4D16-9E25-65B89CA4A869}.Release|Any CPU.Build.0 = Release|Any CPU
		{A47064F3-EA72-4DEC-A8FF-4E3ABABA4AFC}.Debug|Any CPU.ActiveCfg = Debug|Any CPU
		{A47064F3-EA72-4DEC-A8FF-4E3ABABA4AFC}.Debug|Any CPU.Build.0 = Debug|Any CPU
		{A47064F3-EA72-4DEC-A8FF-4E3ABABA4AFC}.Release|Any CPU.ActiveCfg = Release|Any CPU
		{A47064F3-EA72-4DEC-A8FF-4E3ABABA4AFC}.Release|Any CPU.Build.0 = Release|Any CPU
		{30330B72-EE53-439E-92EC-AA95E9BF7483}.Debug|Any CPU.ActiveCfg = Debug
		{30330B72-EE53-439E-92EC-AA95E9BF7483}.Release|Any CPU.ActiveCfg = Release
		{30330B72-EE53-439E-92EC-AA95E9BF7483}.Release|Any CPU.Build.0 = Release
	EndGlobalSection
	GlobalSection(SolutionProperties) = preSolution
		HideSolutionNode = FALSE
	EndGlobalSection
	GlobalSection(ExtensibilityGlobals) = postSolution
		SolutionGuid = {E31433ED-DCB9-498E-9C7A-EB82ABC08639}
	EndGlobalSection
EndGlobal
